// !$*UTF8*$!
{
	archiveVersion = 1;
	classes = {
	};
	objectVersion = 52;
	objects = {

/* Begin PBXBuildFile section */
		56B2D51462AFE4B0572F1644 /* Pods_CustomLoginDemo.framework in Frameworks */ = {isa = PBXBuildFile; fileRef = E2FC198F18E7671BECD8869C /* Pods_CustomLoginDemo.framework */; };
		830C3D8D22E659BD001FA4E7 /* GoogleService-Info.plist in Resources */ = {isa = PBXBuildFile; fileRef = 830C3D8C22E659BD001FA4E7 /* GoogleService-Info.plist */; };
		830C3D8F22E7523E001FA4E7 /* Constants.swift in Sources */ = {isa = PBXBuildFile; fileRef = 830C3D8E22E7523E001FA4E7 /* Constants.swift */; };
		830C3D9222E755F6001FA4E7 /* loginbg.mp4 in Resources */ = {isa = PBXBuildFile; fileRef = 830C3D9122E755F6001FA4E7 /* loginbg.mp4 */; };
		8314D43322E644CC001D044A /* AppDelegate.swift in Sources */ = {isa = PBXBuildFile; fileRef = 8314D43222E644CC001D044A /* AppDelegate.swift */; };
		8314D43522E644CC001D044A /* SceneDelegate.swift in Sources */ = {isa = PBXBuildFile; fileRef = 8314D43422E644CC001D044A /* SceneDelegate.swift */; };
		8314D43722E644CC001D044A /* ViewController.swift in Sources */ = {isa = PBXBuildFile; fileRef = 8314D43622E644CC001D044A /* ViewController.swift */; };
		8314D43A22E644CC001D044A /* Main.storyboard in Resources */ = {isa = PBXBuildFile; fileRef = 8314D43822E644CC001D044A /* Main.storyboard */; };
		8314D43C22E644CD001D044A /* Assets.xcassets in Resources */ = {isa = PBXBuildFile; fileRef = 8314D43B22E644CD001D044A /* Assets.xcassets */; };
		8314D43F22E644CD001D044A /* LaunchScreen.storyboard in Resources */ = {isa = PBXBuildFile; fileRef = 8314D43D22E644CD001D044A /* LaunchScreen.storyboard */; };
		8314D44722E64515001D044A /* SignUpViewController.swift in Sources */ = {isa = PBXBuildFile; fileRef = 8314D44622E64515001D044A /* SignUpViewController.swift */; };
		8314D44922E64520001D044A /* LoginViewController.swift in Sources */ = {isa = PBXBuildFile; fileRef = 8314D44822E64520001D044A /* LoginViewController.swift */; };
		8314D44B22E6452C001D044A /* HomeViewController.swift in Sources */ = {isa = PBXBuildFile; fileRef = 8314D44A22E6452C001D044A /* HomeViewController.swift */; };
		8397D20E22E64A7500CB78DD /* Utilities.swift in Sources */ = {isa = PBXBuildFile; fileRef = 8397D20D22E64A7500CB78DD /* Utilities.swift */; };
		CB1B6B74285BBDA100590C68 /* GoogleService-Info.plist in Resources */ = {isa = PBXBuildFile; fileRef = CB1B6B73285BBDA100590C68 /* GoogleService-Info.plist */; };
/* End PBXBuildFile section */

/* Begin PBXFileReference section */
		266E92BF52F2752B81465D0D /* Pods-CustomLoginDemo.release.xcconfig */ = {isa = PBXFileReference; includeInIndex = 1; lastKnownFileType = text.xcconfig; name = "Pods-CustomLoginDemo.release.xcconfig"; path = "Target Support Files/Pods-CustomLoginDemo/Pods-CustomLoginDemo.release.xcconfig"; sourceTree = "<group>"; };
		830C3D8C22E659BD001FA4E7 /* GoogleService-Info.plist */ = {isa = PBXFileReference; fileEncoding = 4; lastKnownFileType = text.plist.xml; path = "GoogleService-Info.plist"; sourceTree = "<group>"; };
		830C3D8E22E7523E001FA4E7 /* Constants.swift */ = {isa = PBXFileReference; lastKnownFileType = sourcecode.swift; path = Constants.swift; sourceTree = "<group>"; };
		830C3D9122E755F6001FA4E7 /* loginbg.mp4 */ = {isa = PBXFileReference; lastKnownFileType = file; path = loginbg.mp4; sourceTree = "<group>"; };
		8314D42F22E644CC001D044A /* CustomLoginDemo.app */ = {isa = PBXFileReference; explicitFileType = wrapper.application; includeInIndex = 0; path = CustomLoginDemo.app; sourceTree = BUILT_PRODUCTS_DIR; };
		8314D43222E644CC001D044A /* AppDelegate.swift */ = {isa = PBXFileReference; lastKnownFileType = sourcecode.swift; path = AppDelegate.swift; sourceTree = "<group>"; };
		8314D43422E644CC001D044A /* SceneDelegate.swift */ = {isa = PBXFileReference; lastKnownFileType = sourcecode.swift; path = SceneDelegate.swift; sourceTree = "<group>"; };
		8314D43622E644CC001D044A /* ViewController.swift */ = {isa = PBXFileReference; lastKnownFileType = sourcecode.swift; path = ViewController.swift; sourceTree = "<group>"; };
		8314D43922E644CC001D044A /* Base */ = {isa = PBXFileReference; lastKnownFileType = file.storyboard; name = Base; path = Base.lproj/Main.storyboard; sourceTree = "<group>"; };
		8314D43B22E644CD001D044A /* Assets.xcassets */ = {isa = PBXFileReference; lastKnownFileType = folder.assetcatalog; path = Assets.xcassets; sourceTree = "<group>"; };
		8314D43E22E644CD001D044A /* Base */ = {isa = PBXFileReference; lastKnownFileType = file.storyboard; name = Base; path = Base.lproj/LaunchScreen.storyboard; sourceTree = "<group>"; };
		8314D44022E644CD001D044A /* Info.plist */ = {isa = PBXFileReference; lastKnownFileType = text.plist.xml; path = Info.plist; sourceTree = "<group>"; };
		8314D44622E64515001D044A /* SignUpViewController.swift */ = {isa = PBXFileReference; lastKnownFileType = sourcecode.swift; path = SignUpViewController.swift; sourceTree = "<group>"; };
		8314D44822E64520001D044A /* LoginViewController.swift */ = {isa = PBXFileReference; lastKnownFileType = sourcecode.swift; path = LoginViewController.swift; sourceTree = "<group>"; };
		8314D44A22E6452C001D044A /* HomeViewController.swift */ = {isa = PBXFileReference; lastKnownFileType = sourcecode.swift; path = HomeViewController.swift; sourceTree = "<group>"; };
		8397D20D22E64A7500CB78DD /* Utilities.swift */ = {isa = PBXFileReference; fileEncoding = 4; lastKnownFileType = sourcecode.swift; path = Utilities.swift; sourceTree = "<group>"; };
		ACB20647BFB76A962B3E918B /* Pods-CustomLoginDemo.debug.xcconfig */ = {isa = PBXFileReference; includeInIndex = 1; lastKnownFileType = text.xcconfig; name = "Pods-CustomLoginDemo.debug.xcconfig"; path = "Target Support Files/Pods-CustomLoginDemo/Pods-CustomLoginDemo.debug.xcconfig"; sourceTree = "<group>"; };
		CB1B6B73285BBDA100590C68 /* GoogleService-Info.plist */ = {isa = PBXFileReference; fileEncoding = 4; lastKnownFileType = text.plist.xml; name = "GoogleService-Info.plist"; path = "../../GoogleService-Info.plist"; sourceTree = "<group>"; };
		E2FC198F18E7671BECD8869C /* Pods_CustomLoginDemo.framework */ = {isa = PBXFileReference; explicitFileType = wrapper.framework; includeInIndex = 0; path = Pods_CustomLoginDemo.framework; sourceTree = BUILT_PRODUCTS_DIR; };
/* End PBXFileReference section */

/* Begin PBXFrameworksBuildPhase section */
		8314D42C22E644CC001D044A /* Frameworks */ = {
			isa = PBXFrameworksBuildPhase;
			buildActionMask = 2147483647;
			files = (
				56B2D51462AFE4B0572F1644 /* Pods_CustomLoginDemo.framework in Frameworks */,
			);
			runOnlyForDeploymentPostprocessing = 0;
		};
/* End PBXFrameworksBuildPhase section */

/* Begin PBXGroup section */
		256061AB78805D7F9BD3C3ED /* Pods */ = {
			isa = PBXGroup;
			children = (
				ACB20647BFB76A962B3E918B /* Pods-CustomLoginDemo.debug.xcconfig */,
				266E92BF52F2752B81465D0D /* Pods-CustomLoginDemo.release.xcconfig */,
			);
			path = Pods;
			sourceTree = "<group>";
		};
		4BB4075EEC3AE105084101BD /* Frameworks */ = {
			isa = PBXGroup;
			children = (
				E2FC198F18E7671BECD8869C /* Pods_CustomLoginDemo.framework */,
			);
			name = Frameworks;
			sourceTree = "<group>";
		};
		830C3D9022E755DB001FA4E7 /* Media */ = {
			isa = PBXGroup;
			children = (
				830C3D9122E755F6001FA4E7 /* loginbg.mp4 */,
			);
			path = Media;
			sourceTree = "<group>";
		};
		8314D42622E644CC001D044A = {
			isa = PBXGroup;
			children = (
				8314D43122E644CC001D044A /* CustomLoginDemo */,
				8314D43022E644CC001D044A /* Products */,
				256061AB78805D7F9BD3C3ED /* Pods */,
				4BB4075EEC3AE105084101BD /* Frameworks */,
			);
			sourceTree = "<group>";
		};
		8314D43022E644CC001D044A /* Products */ = {
			isa = PBXGroup;
			children = (
				8314D42F22E644CC001D044A /* CustomLoginDemo.app */,
			);
			name = Products;
			sourceTree = "<group>";
		};
		8314D43122E644CC001D044A /* CustomLoginDemo */ = {
			isa = PBXGroup;
			children = (
				CB1B6B73285BBDA100590C68 /* GoogleService-Info.plist */,
				8314D43222E644CC001D044A /* AppDelegate.swift */,
				8314D43422E644CC001D044A /* SceneDelegate.swift */,
				8397D20F22E64A7D00CB78DD /* Helpers */,
				8314D44C22E64531001D044A /* View Controllers */,
				830C3D9022E755DB001FA4E7 /* Media */,
				8314D43822E644CC001D044A /* Main.storyboard */,
				8314D43B22E644CD001D044A /* Assets.xcassets */,
				8314D43D22E644CD001D044A /* LaunchScreen.storyboard */,
				830C3D8C22E659BD001FA4E7 /* GoogleService-Info.plist */,
				8314D44022E644CD001D044A /* Info.plist */,
			);
			path = CustomLoginDemo;
			sourceTree = "<group>";
		};
		8314D44C22E64531001D044A /* View Controllers */ = {
			isa = PBXGroup;
			children = (
				8314D44622E64515001D044A /* SignUpViewController.swift */,
				8314D44822E64520001D044A /* LoginViewController.swift */,
				8314D44A22E6452C001D044A /* HomeViewController.swift */,
				8314D43622E644CC001D044A /* ViewController.swift */,
			);
			path = "View Controllers";
			sourceTree = "<group>";
		};
		8397D20F22E64A7D00CB78DD /* Helpers */ = {
			isa = PBXGroup;
			children = (
				8397D20D22E64A7500CB78DD /* Utilities.swift */,
				830C3D8E22E7523E001FA4E7 /* Constants.swift */,
			);
			path = Helpers;
			sourceTree = "<group>";
		};
/* End PBXGroup section */

/* Begin PBXNativeTarget section */
		8314D42E22E644CC001D044A /* CustomLoginDemo */ = {
			isa = PBXNativeTarget;
			buildConfigurationList = 8314D44322E644CD001D044A /* Build configuration list for PBXNativeTarget "CustomLoginDemo" */;
			buildPhases = (
				96261C93D747DB12A9B86BBA /* [CP] Check Pods Manifest.lock */,
				8314D42B22E644CC001D044A /* Sources */,
				8314D42C22E644CC001D044A /* Frameworks */,
				8314D42D22E644CC001D044A /* Resources */,
				7D48E628917999722CE92F9E /* [CP] Embed Pods Frameworks */,
			);
			buildRules = (
			);
			dependencies = (
			);
			name = CustomLoginDemo;
			packageProductDependencies = (
			);
			productName = CustomLoginDemo;
			productReference = 8314D42F22E644CC001D044A /* CustomLoginDemo.app */;
			productType = "com.apple.product-type.application";
		};
/* End PBXNativeTarget section */

/* Begin PBXProject section */
		8314D42722E644CC001D044A /* Project object */ = {
			isa = PBXProject;
			attributes = {
				LastSwiftUpdateCheck = 1100;
				LastUpgradeCheck = 1330;
				ORGANIZATIONNAME = "Christopher Ching";
				TargetAttributes = {
					8314D42E22E644CC001D044A = {
						CreatedOnToolsVersion = 11.0;
					};
				};
			};
			buildConfigurationList = 8314D42A22E644CC001D044A /* Build configuration list for PBXProject "CustomLoginDemo" */;
			compatibilityVersion = "Xcode 9.3";
			developmentRegion = en;
			hasScannedForEncodings = 0;
			knownRegions = (
				en,
				Base,
			);
			mainGroup = 8314D42622E644CC001D044A;
			packageReferences = (
				CB921BDE285BC3FB00FF93B6 /* XCRemoteSwiftPackageReference "firebase-ios-sdk" */,
			);
			productRefGroup = 8314D43022E644CC001D044A /* Products */;
			projectDirPath = "";
			projectRoot = "";
			targets = (
				8314D42E22E644CC001D044A /* CustomLoginDemo */,
			);
		};
/* End PBXProject section */

/* Begin PBXResourcesBuildPhase section */
		8314D42D22E644CC001D044A /* Resources */ = {
			isa = PBXResourcesBuildPhase;
			buildActionMask = 2147483647;
			files = (
				8314D43F22E644CD001D044A /* LaunchScreen.storyboard in Resources */,
				830C3D9222E755F6001FA4E7 /* loginbg.mp4 in Resources */,
				830C3D8D22E659BD001FA4E7 /* GoogleService-Info.plist in Resources */,
				8314D43C22E644CD001D044A /* Assets.xcassets in Resources */,
				8314D43A22E644CC001D044A /* Main.storyboard in Resources */,
				CB1B6B74285BBDA100590C68 /* GoogleService-Info.plist in Resources */,
			);
			runOnlyForDeploymentPostprocessing = 0;
		};
/* End PBXResourcesBuildPhase section */

/* Begin PBXShellScriptBuildPhase section */
		7D48E628917999722CE92F9E /* [CP] Embed Pods Frameworks */ = {
			isa = PBXShellScriptBuildPhase;
			buildActionMask = 2147483647;
			files = (
			);
			inputFileListPaths = (
				"${PODS_ROOT}/Target Support Files/Pods-CustomLoginDemo/Pods-CustomLoginDemo-frameworks-${CONFIGURATION}-input-files.xcfilelist",
			);
			name = "[CP] Embed Pods Frameworks";
			outputFileListPaths = (
				"${PODS_ROOT}/Target Support Files/Pods-CustomLoginDemo/Pods-CustomLoginDemo-frameworks-${CONFIGURATION}-output-files.xcfilelist",
			);
			runOnlyForDeploymentPostprocessing = 0;
			shellPath = /bin/sh;
			shellScript = "\"${PODS_ROOT}/Target Support Files/Pods-CustomLoginDemo/Pods-CustomLoginDemo-frameworks.sh\"\n";
			showEnvVarsInLog = 0;
		};
		96261C93D747DB12A9B86BBA /* [CP] Check Pods Manifest.lock */ = {
			isa = PBXShellScriptBuildPhase;
			buildActionMask = 2147483647;
			files = (
			);
			inputFileListPaths = (
			);
			inputPaths = (
				"${PODS_PODFILE_DIR_PATH}/Podfile.lock",
				"${PODS_ROOT}/Manifest.lock",
			);
			name = "[CP] Check Pods Manifest.lock";
			outputFileListPaths = (
			);
			outputPaths = (
				"$(DERIVED_FILE_DIR)/Pods-CustomLoginDemo-checkManifestLockResult.txt",
			);
			runOnlyForDeploymentPostprocessing = 0;
			shellPath = /bin/sh;
			shellScript = "diff \"${PODS_PODFILE_DIR_PATH}/Podfile.lock\" \"${PODS_ROOT}/Manifest.lock\" > /dev/null\nif [ $? != 0 ] ; then\n    # print error to STDERR\n    echo \"error: The sandbox is not in sync with the Podfile.lock. Run 'pod install' or update your CocoaPods installation.\" >&2\n    exit 1\nfi\n# This output is used by Xcode 'outputs' to avoid re-running this script phase.\necho \"SUCCESS\" > \"${SCRIPT_OUTPUT_FILE_0}\"\n";
			showEnvVarsInLog = 0;
		};
/* End PBXShellScriptBuildPhase section */

/* Begin PBXSourcesBuildPhase section */
		8314D42B22E644CC001D044A /* Sources */ = {
			isa = PBXSourcesBuildPhase;
			buildActionMask = 2147483647;
			files = (
				8314D43722E644CC001D044A /* ViewController.swift in Sources */,
				8314D43322E644CC001D044A /* AppDelegate.swift in Sources */,
				8397D20E22E64A7500CB78DD /* Utilities.swift in Sources */,
				8314D44722E64515001D044A /* SignUpViewController.swift in Sources */,
				8314D44922E64520001D044A /* LoginViewController.swift in Sources */,
				8314D43522E644CC001D044A /* SceneDelegate.swift in Sources */,
				8314D44B22E6452C001D044A /* HomeViewController.swift in Sources */,
				830C3D8F22E7523E001FA4E7 /* Constants.swift in Sources */,
			);
			runOnlyForDeploymentPostprocessing = 0;
		};
/* End PBXSourcesBuildPhase section */

/* Begin PBXVariantGroup section */
		8314D43822E644CC001D044A /* Main.storyboard */ = {
			isa = PBXVariantGroup;
			children = (
				8314D43922E644CC001D044A /* Base */,
			);
			name = Main.storyboard;
			sourceTree = "<group>";
		};
		8314D43D22E644CD001D044A /* LaunchScreen.storyboard */ = {
			isa = PBXVariantGroup;
			children = (
				8314D43E22E644CD001D044A /* Base */,
			);
			name = LaunchScreen.storyboard;
			sourceTree = "<group>";
		};
/* End PBXVariantGroup section */

/* Begin XCBuildConfiguration section */
		8314D44122E644CD001D044A /* Debug */ = {
			isa = XCBuildConfiguration;
			buildSettings = {
				ALWAYS_SEARCH_USER_PATHS = NO;
				CLANG_ANALYZER_NONNULL = YES;
				CLANG_ANALYZER_NUMBER_OBJECT_CONVERSION = YES_AGGRESSIVE;
				CLANG_CXX_LANGUAGE_STANDARD = "gnu++14";
				CLANG_CXX_LIBRARY = "libc++";
				CLANG_ENABLE_MODULES = YES;
				CLANG_ENABLE_OBJC_ARC = YES;
				CLANG_ENABLE_OBJC_WEAK = YES;
				CLANG_WARN_BLOCK_CAPTURE_AUTORELEASING = YES;
				CLANG_WARN_BOOL_CONVERSION = YES;
				CLANG_WARN_COMMA = YES;
				CLANG_WARN_CONSTANT_CONVERSION = YES;
				CLANG_WARN_DEPRECATED_OBJC_IMPLEMENTATIONS = YES;
				CLANG_WARN_DIRECT_OBJC_ISA_USAGE = YES_ERROR;
				CLANG_WARN_DOCUMENTATION_COMMENTS = YES;
				CLANG_WARN_EMPTY_BODY = YES;
				CLANG_WARN_ENUM_CONVERSION = YES;
				CLANG_WARN_INFINITE_RECURSION = YES;
				CLANG_WARN_INT_CONVERSION = YES;
				CLANG_WARN_NON_LITERAL_NULL_CONVERSION = YES;
				CLANG_WARN_OBJC_IMPLICIT_RETAIN_SELF = YES;
				CLANG_WARN_OBJC_LITERAL_CONVERSION = YES;
				CLANG_WARN_OBJC_ROOT_CLASS = YES_ERROR;
				CLANG_WARN_QUOTED_INCLUDE_IN_FRAMEWORK_HEADER = YES;
				CLANG_WARN_RANGE_LOOP_ANALYSIS = YES;
				CLANG_WARN_STRICT_PROTOTYPES = YES;
				CLANG_WARN_SUSPICIOUS_MOVE = YES;
				CLANG_WARN_UNGUARDED_AVAILABILITY = YES_AGGRESSIVE;
				CLANG_WARN_UNREACHABLE_CODE = YES;
				CLANG_WARN__DUPLICATE_METHOD_MATCH = YES;
				COPY_PHASE_STRIP = NO;
				DEBUG_INFORMATION_FORMAT = dwarf;
				ENABLE_STRICT_OBJC_MSGSEND = YES;
				ENABLE_TESTABILITY = YES;
				GCC_C_LANGUAGE_STANDARD = gnu11;
				GCC_DYNAMIC_NO_PIC = NO;
				GCC_NO_COMMON_BLOCKS = YES;
				GCC_OPTIMIZATION_LEVEL = 0;
				GCC_PREPROCESSOR_DEFINITIONS = (
					"DEBUG=1",
					"$(inherited)",
				);
				GCC_WARN_64_TO_32_BIT_CONVERSION = YES;
				GCC_WARN_ABOUT_RETURN_TYPE = YES_ERROR;
				GCC_WARN_UNDECLARED_SELECTOR = YES;
				GCC_WARN_UNINITIALIZED_AUTOS = YES_AGGRESSIVE;
				GCC_WARN_UNUSED_FUNCTION = YES;
				GCC_WARN_UNUSED_VARIABLE = YES;
				IPHONEOS_DEPLOYMENT_TARGET = 13.0;
				MTL_ENABLE_DEBUG_INFO = INCLUDE_SOURCE;
				MTL_FAST_MATH = YES;
				ONLY_ACTIVE_ARCH = YES;
				SDKROOT = iphoneos;
				SWIFT_ACTIVE_COMPILATION_CONDITIONS = DEBUG;
				SWIFT_OPTIMIZATION_LEVEL = "-Onone";
			};
			name = Debug;
		};
		8314D44222E644CD001D044A /* Release */ = {
			isa = XCBuildConfiguration;
			buildSettings = {
				ALWAYS_SEARCH_USER_PATHS = NO;
				CLANG_ANALYZER_NONNULL = YES;
				CLANG_ANALYZER_NUMBER_OBJECT_CONVERSION = YES_AGGRESSIVE;
				CLANG_CXX_LANGUAGE_STANDARD = "gnu++14";
				CLANG_CXX_LIBRARY = "libc++";
				CLANG_ENABLE_MODULES = YES;
				CLANG_ENABLE_OBJC_ARC = YES;
				CLANG_ENABLE_OBJC_WEAK = YES;
				CLANG_WARN_BLOCK_CAPTURE_AUTORELEASING = YES;
				CLANG_WARN_BOOL_CONVERSION = YES;
				CLANG_WARN_COMMA = YES;
				CLANG_WARN_CONSTANT_CONVERSION = YES;
				CLANG_WARN_DEPRECATED_OBJC_IMPLEMENTATIONS = YES;
				CLANG_WARN_DIRECT_OBJC_ISA_USAGE = YES_ERROR;
				CLANG_WARN_DOCUMENTATION_COMMENTS = YES;
				CLANG_WARN_EMPTY_BODY = YES;
				CLANG_WARN_ENUM_CONVERSION = YES;
				CLANG_WARN_INFINITE_RECURSION = YES;
				CLANG_WARN_INT_CONVERSION = YES;
				CLANG_WARN_NON_LITERAL_NULL_CONVERSION = YES;
				CLANG_WARN_OBJC_IMPLICIT_RETAIN_SELF = YES;
				CLANG_WARN_OBJC_LITERAL_CONVERSION = YES;
				CLANG_WARN_OBJC_ROOT_CLASS = YES_ERROR;
				CLANG_WARN_QUOTED_INCLUDE_IN_FRAMEWORK_HEADER = YES;
				CLANG_WARN_RANGE_LOOP_ANALYSIS = YES;
				CLANG_WARN_STRICT_PROTOTYPES = YES;
				CLANG_WARN_SUSPICIOUS_MOVE = YES;
				CLANG_WARN_UNGUARDED_AVAILABILITY = YES_AGGRESSIVE;
				CLANG_WARN_UNREACHABLE_CODE = YES;
				CLANG_WARN__DUPLICATE_METHOD_MATCH = YES;
				COPY_PHASE_STRIP = NO;
				DEBUG_INFORMATION_FORMAT = "dwarf-with-dsym";
				ENABLE_NS_ASSERTIONS = NO;
				ENABLE_STRICT_OBJC_MSGSEND = YES;
				GCC_C_LANGUAGE_STANDARD = gnu11;
				GCC_NO_COMMON_BLOCKS = YES;
				GCC_WARN_64_TO_32_BIT_CONVERSION = YES;
				GCC_WARN_ABOUT_RETURN_TYPE = YES_ERROR;
				GCC_WARN_UNDECLARED_SELECTOR = YES;
				GCC_WARN_UNINITIALIZED_AUTOS = YES_AGGRESSIVE;
				GCC_WARN_UNUSED_FUNCTION = YES;
				GCC_WARN_UNUSED_VARIABLE = YES;
				IPHONEOS_DEPLOYMENT_TARGET = 13.0;
				MTL_ENABLE_DEBUG_INFO = NO;
				MTL_FAST_MATH = YES;
				SDKROOT = iphoneos;
				SWIFT_COMPILATION_MODE = wholemodule;
				SWIFT_OPTIMIZATION_LEVEL = "-O";
				VALIDATE_PRODUCT = YES;
			};
			name = Release;
		};
		8314D44422E644CD001D044A /* Debug */ = {
			isa = XCBuildConfiguration;
			baseConfigurationReference = ACB20647BFB76A962B3E918B /* Pods-CustomLoginDemo.debug.xcconfig */;
			buildSettings = {
				ASSETCATALOG_COMPILER_APPICON_NAME = AppIcon;
				CODE_SIGN_STYLE = Automatic;
				DEVELOPMENT_TEAM = RYRJQ978K4;
				INFOPLIST_FILE = CustomLoginDemo/Info.plist;
				LD_RUNPATH_SEARCH_PATHS = (
					"$(inherited)",
					"@executable_path/Frameworks",
				);
				PRODUCT_BUNDLE_IDENTIFIER = com.codewithchris.CustomLoginDemo;
				PRODUCT_NAME = "$(TARGET_NAME)";
				SWIFT_VERSION = 5.0;
				TARGETED_DEVICE_FAMILY = "1,2";
			};
			name = Debug;
		};
		8314D44522E644CD001D044A /* Release */ = {
			isa = XCBuildConfiguration;
			baseConfigurationReference = 266E92BF52F2752B81465D0D /* Pods-CustomLoginDemo.release.xcconfig */;
			buildSettings = {
				ASSETCATALOG_COMPILER_APPICON_NAME = AppIcon;
				CODE_SIGN_STYLE = Automatic;
				DEVELOPMENT_TEAM = RYRJQ978K4;
				INFOPLIST_FILE = CustomLoginDemo/Info.plist;
				LD_RUNPATH_SEARCH_PATHS = (
					"$(inherited)",
					"@executable_path/Frameworks",
				);
				PRODUCT_BUNDLE_IDENTIFIER = com.codewithchris.CustomLoginDemo;
				PRODUCT_NAME = "$(TARGET_NAME)";
				SWIFT_VERSION = 5.0;
				TARGETED_DEVICE_FAMILY = "1,2";
			};
			name = Release;
		};
/* End XCBuildConfiguration section */

/* Begin XCConfigurationList section */
		8314D42A22E644CC001D044A /* Build configuration list for PBXProject "CustomLoginDemo" */ = {
			isa = XCConfigurationList;
			buildConfigurations = (
				8314D44122E644CD001D044A /* Debug */,
				8314D44222E644CD001D044A /* Release */,
			);
			defaultConfigurationIsVisible = 0;
			defaultConfigurationName = Release;
		};
		8314D44322E644CD001D044A /* Build configuration list for PBXNativeTarget "CustomLoginDemo" */ = {
			isa = XCConfigurationList;
			buildConfigurations = (
				8314D44422E644CD001D044A /* Debug */,
				8314D44522E644CD001D044A /* Release */,
			);
			defaultConfigurationIsVisible = 0;
			defaultConfigurationName = Release;
		};
/* End XCConfigurationList section */

/* Begin XCRemoteSwiftPackageReference section */
		CB921BDE285BC3FB00FF93B6 /* XCRemoteSwiftPackageReference "firebase-ios-sdk" */ = {
			isa = XCRemoteSwiftPackageReference;
			repositoryURL = "https://github.com/firebase/firebase-ios-sdk";
			requirement = {
				branch = master;
				kind = branch;
			};
		};
/* End XCRemoteSwiftPackageReference section */
	};
	rootObject = 8314D42722E644CC001D044A /* Project object */;
}
