// !$*UTF8*$!
{
	archiveVersion = 1;
	classes = {
	};
	objectVersion = 51;
	objects = {

/* Begin PBXBuildFile section */
		83B953A49053BB76CBCD035D /* Pods_crud_demo.framework in Frameworks */ = {isa = PBXBuildFile; fileRef = 662D21F92154606DFD49BBF0 /* Pods_crud_demo.framework */; };
		83EBBEC6231059BA00315442 /* AppDelegate.swift in Sources */ = {isa = PBXBuildFile; fileRef = 83EBBEC5231059BA00315442 /* AppDelegate.swift */; };
		83EBBEC8231059BA00315442 /* SceneDelegate.swift in Sources */ = {isa = PBXBuildFile; fileRef = 83EBBEC7231059BA00315442 /* SceneDelegate.swift */; };
		83EBBECA231059BA00315442 /* ViewController.swift in Sources */ = {isa = PBXBuildFile; fileRef = 83EBBEC9231059BA00315442 /* ViewController.swift */; };
		83EBBECD231059BA00315442 /* Main.storyboard in Resources */ = {isa = PBXBuildFile; fileRef = 83EBBECB231059BA00315442 /* Main.storyboard */; };
		83EBBECF231059BC00315442 /* Assets.xcassets in Resources */ = {isa = PBXBuildFile; fileRef = 83EBBECE231059BC00315442 /* Assets.xcassets */; };
		83EBBED2231059BC00315442 /* LaunchScreen.storyboard in Resources */ = {isa = PBXBuildFile; fileRef = 83EBBED0231059BC00315442 /* LaunchScreen.storyboard */; };
/* End PBXBuildFile section */

/* Begin PBXFileReference section */
		0D93464972E7EA7EB690BE4C /* Pods-crud-demo.debug.xcconfig */ = {isa = PBXFileReference; includeInIndex = 1; lastKnownFileType = text.xcconfig; name = "Pods-crud-demo.debug.xcconfig"; path = "Target Support Files/Pods-crud-demo/Pods-crud-demo.debug.xcconfig"; sourceTree = "<group>"; };
		13D19D344B1AA8C43B3994BA /* Pods-crud-demo.release.xcconfig */ = {isa = PBXFileReference; includeInIndex = 1; lastKnownFileType = text.xcconfig; name = "Pods-crud-demo.release.xcconfig"; path = "Target Support Files/Pods-crud-demo/Pods-crud-demo.release.xcconfig"; sourceTree = "<group>"; };
		662D21F92154606DFD49BBF0 /* Pods_crud_demo.framework */ = {isa = PBXFileReference; explicitFileType = wrapper.framework; includeInIndex = 0; path = Pods_crud_demo.framework; sourceTree = BUILT_PRODUCTS_DIR; };
		83EBBEC2231059BA00315442 /* crud-demo.app */ = {isa = PBXFileReference; explicitFileType = wrapper.application; includeInIndex = 0; path = "crud-demo.app"; sourceTree = BUILT_PRODUCTS_DIR; };
		83EBBEC5231059BA00315442 /* AppDelegate.swift */ = {isa = PBXFileReference; lastKnownFileType = sourcecode.swift; path = AppDelegate.swift; sourceTree = "<group>"; };
		83EBBEC7231059BA00315442 /* SceneDelegate.swift */ = {isa = PBXFileReference; lastKnownFileType = sourcecode.swift; path = SceneDelegate.swift; sourceTree = "<group>"; };
		83EBBEC9231059BA00315442 /* ViewController.swift */ = {isa = PBXFileReference; lastKnownFileType = sourcecode.swift; path = ViewController.swift; sourceTree = "<group>"; };
		83EBBECC231059BA00315442 /* Base */ = {isa = PBXFileReference; lastKnownFileType = file.storyboard; name = Base; path = Base.lproj/Main.storyboard; sourceTree = "<group>"; };
		83EBBECE231059BC00315442 /* Assets.xcassets */ = {isa = PBXFileReference; lastKnownFileType = folder.assetcatalog; path = Assets.xcassets; sourceTree = "<group>"; };
		83EBBED1231059BC00315442 /* Base */ = {isa = PBXFileReference; lastKnownFileType = file.storyboard; name = Base; path = Base.lproj/LaunchScreen.storyboard; sourceTree = "<group>"; };
		83EBBED3231059BC00315442 /* Info.plist */ = {isa = PBXFileReference; lastKnownFileType = text.plist.xml; path = Info.plist; sourceTree = "<group>"; };
/* End PBXFileReference section */

/* Begin PBXFrameworksBuildPhase section */
		83EBBEBF231059BA00315442 /* Frameworks */ = {
			isa = PBXFrameworksBuildPhase;
			buildActionMask = 2147483647;
			files = (
				83B953A49053BB76CBCD035D /* Pods_crud_demo.framework in Frameworks */,
			);
			runOnlyForDeploymentPostprocessing = 0;
		};
/* End PBXFrameworksBuildPhase section */

/* Begin PBXGroup section */
		2BF29AA4791BE9CD6775AF36 /* Pods */ = {
			isa = PBXGroup;
			children = (
				0D93464972E7EA7EB690BE4C /* Pods-crud-demo.debug.xcconfig */,
				13D19D344B1AA8C43B3994BA /* Pods-crud-demo.release.xcconfig */,
			);
			path = Pods;
			sourceTree = "<group>";
		};
		797F3B3C8694C7D41FF77913 /* Frameworks */ = {
			isa = PBXGroup;
			children = (
				662D21F92154606DFD49BBF0 /* Pods_crud_demo.framework */,
			);
			name = Frameworks;
			sourceTree = "<group>";
		};
		83EBBEB9231059BA00315442 = {
			isa = PBXGroup;
			children = (
				83EBBEC4231059BA00315442 /* crud-demo */,
				83EBBEC3231059BA00315442 /* Products */,
				2BF29AA4791BE9CD6775AF36 /* Pods */,
				797F3B3C8694C7D41FF77913 /* Frameworks */,
			);
			sourceTree = "<group>";
		};
		83EBBEC3231059BA00315442 /* Products */ = {
			isa = PBXGroup;
			children = (
				83EBBEC2231059BA00315442 /* crud-demo.app */,
			);
			name = Products;
			sourceTree = "<group>";
		};
		83EBBEC4231059BA00315442 /* crud-demo */ = {
			isa = PBXGroup;
			children = (
				83EBBEC5231059BA00315442 /* AppDelegate.swift */,
				83EBBEC7231059BA00315442 /* SceneDelegate.swift */,
				83EBBEC9231059BA00315442 /* ViewController.swift */,
				83EBBECB231059BA00315442 /* Main.storyboard */,
				83EBBECE231059BC00315442 /* Assets.xcassets */,
				83EBBED0231059BC00315442 /* LaunchScreen.storyboard */,
				83EBBED3231059BC00315442 /* Info.plist */,
			);
			path = "crud-demo";
			sourceTree = "<group>";
		};
/* End PBXGroup section */

/* Begin PBXNativeTarget section */
		83EBBEC1231059BA00315442 /* crud-demo */ = {
			isa = PBXNativeTarget;
			buildConfigurationList = 83EBBED6231059BC00315442 /* Build configuration list for PBXNativeTarget "crud-demo" */;
			buildPhases = (
				795C4773F0C75E20DC867F2B /* [CP] Check Pods Manifest.lock */,
				83EBBEBE231059BA00315442 /* Sources */,
				83EBBEBF231059BA00315442 /* Frameworks */,
				83EBBEC0231059BA00315442 /* Resources */,
				8C1A7C410359A9C97297B26B /* [CP] Embed Pods Frameworks */,
			);
			buildRules = (
			);
			dependencies = (
			);
			name = "crud-demo";
			productName = "crud-demo";
			productReference = 83EBBEC2231059BA00315442 /* crud-demo.app */;
			productType = "com.apple.product-type.application";
		};
/* End PBXNativeTarget section */

/* Begin PBXProject section */
		83EBBEBA231059BA00315442 /* Project object */ = {
			isa = PBXProject;
			attributes = {
				LastSwiftUpdateCheck = 1100;
				LastUpgradeCheck = 1100;
				ORGANIZATIONNAME = "Christopher Ching";
				TargetAttributes = {
					83EBBEC1231059BA00315442 = {
						CreatedOnToolsVersion = 11.0;
					};
				};
			};
			buildConfigurationList = 83EBBEBD231059BA00315442 /* Build configuration list for PBXProject "crud-demo" */;
			compatibilityVersion = "Xcode 9.3";
			developmentRegion = en;
			hasScannedForEncodings = 0;
			knownRegions = (
				en,
				Base,
			);
			mainGroup = 83EBBEB9231059BA00315442;
			productRefGroup = 83EBBEC3231059BA00315442 /* Products */;
			projectDirPath = "";
			projectRoot = "";
			targets = (
				83EBBEC1231059BA00315442 /* crud-demo */,
			);
		};
/* End PBXProject section */

/* Begin PBXResourcesBuildPhase section */
		83EBBEC0231059BA00315442 /* Resources */ = {
			isa = PBXResourcesBuildPhase;
			buildActionMask = 2147483647;
			files = (
				83EBBED2231059BC00315442 /* LaunchScreen.storyboard in Resources */,
				83EBBECF231059BC00315442 /* Assets.xcassets in Resources */,
				83EBBECD231059BA00315442 /* Main.storyboard in Resources */,
			);
			runOnlyForDeploymentPostprocessing = 0;
		};
/* End PBXResourcesBuildPhase section */

/* Begin PBXShellScriptBuildPhase section */
		795C4773F0C75E20DC867F2B /* [CP] Check Pods Manifest.lock */ = {
			isa = PBXShellScriptBuildPhase;
			buildActionMask = 2147483647;
			files = (
			);
			inputFileListPaths = (
			);
			inputPaths = (
				"${PODS_PODFILE_DIR_PATH}/Podfile.lock",
				"${PODS_ROOT}/Manifest.lock",
			);
			name = "[CP] Check Pods Manifest.lock";
			outputFileListPaths = (
			);
			outputPaths = (
				"$(DERIVED_FILE_DIR)/Pods-crud-demo-checkManifestLockResult.txt",
			);
			runOnlyForDeploymentPostprocessing = 0;
			shellPath = /bin/sh;
			shellScript = "diff \"${PODS_PODFILE_DIR_PATH}/Podfile.lock\" \"${PODS_ROOT}/Manifest.lock\" > /dev/null\nif [ $? != 0 ] ; then\n    # print error to STDERR\n    echo \"error: The sandbox is not in sync with the Podfile.lock. Run 'pod install' or update your CocoaPods installation.\" >&2\n    exit 1\nfi\n# This output is used by Xcode 'outputs' to avoid re-running this script phase.\necho \"SUCCESS\" > \"${SCRIPT_OUTPUT_FILE_0}\"\n";
			showEnvVarsInLog = 0;
		};
		8C1A7C410359A9C97297B26B /* [CP] Embed Pods Frameworks */ = {
			isa = PBXShellScriptBuildPhase;
			buildActionMask = 2147483647;
			files = (
			);
			inputFileListPaths = (
				"${PODS_ROOT}/Target Support Files/Pods-crud-demo/Pods-crud-demo-frameworks-${CONFIGURATION}-input-files.xcfilelist",
			);
			name = "[CP] Embed Pods Frameworks";
			outputFileListPaths = (
				"${PODS_ROOT}/Target Support Files/Pods-crud-demo/Pods-crud-demo-frameworks-${CONFIGURATION}-output-files.xcfilelist",
			);
			runOnlyForDeploymentPostprocessing = 0;
			shellPath = /bin/sh;
			shellScript = "\"${PODS_ROOT}/Target Support Files/Pods-crud-demo/Pods-crud-demo-frameworks.sh\"\n";
			showEnvVarsInLog = 0;
		};
/* End PBXShellScriptBuildPhase section */

/* Begin PBXSourcesBuildPhase section */
		83EBBEBE231059BA00315442 /* Sources */ = {
			isa = PBXSourcesBuildPhase;
			buildActionMask = 2147483647;
			files = (
				83EBBECA231059BA00315442 /* ViewController.swift in Sources */,
				83EBBEC6231059BA00315442 /* AppDelegate.swift in Sources */,
				83EBBEC8231059BA00315442 /* SceneDelegate.swift in Sources */,
			);
			runOnlyForDeploymentPostprocessing = 0;
		};
/* End PBXSourcesBuildPhase section */

/* Begin PBXVariantGroup section */
		83EBBECB231059BA00315442 /* Main.storyboard */ = {
			isa = PBXVariantGroup;
			children = (
				83EBBECC231059BA00315442 /* Base */,
			);
			name = Main.storyboard;
			sourceTree = "<group>";
		};
		83EBBED0231059BC00315442 /* LaunchScreen.storyboard */ = {
			isa = PBXVariantGroup;
			children = (
				83EBBED1231059BC00315442 /* Base */,
			);
			name = LaunchScreen.storyboard;
			sourceTree = "<group>";
		};
/* End PBXVariantGroup section */

/* Begin XCBuildConfiguration section */
		83EBBED4231059BC00315442 /* Debug */ = {
			isa = XCBuildConfiguration;
			buildSettings = {
				ALWAYS_SEARCH_USER_PATHS = NO;
				CLANG_ANALYZER_NONNULL = YES;
				CLANG_ANALYZER_NUMBER_OBJECT_CONVERSION = YES_AGGRESSIVE;
				CLANG_CXX_LANGUAGE_STANDARD = "gnu++14";
				CLANG_CXX_LIBRARY = "libc++";
				CLANG_ENABLE_MODULES = YES;
				CLANG_ENABLE_OBJC_ARC = YES;
				CLANG_ENABLE_OBJC_WEAK = YES;
				CLANG_WARN_BLOCK_CAPTURE_AUTORELEASING = YES;
				CLANG_WARN_BOOL_CONVERSION = YES;
				CLANG_WARN_COMMA = YES;
				CLANG_WARN_CONSTANT_CONVERSION = YES;
				CLANG_WARN_DEPRECATED_OBJC_IMPLEMENTATIONS = YES;
				CLANG_WARN_DIRECT_OBJC_ISA_USAGE = YES_ERROR;
				CLANG_WARN_DOCUMENTATION_COMMENTS = YES;
				CLANG_WARN_EMPTY_BODY = YES;
				CLANG_WARN_ENUM_CONVERSION = YES;
				CLANG_WARN_INFINITE_RECURSION = YES;
				CLANG_WARN_INT_CONVERSION = YES;
				CLANG_WARN_NON_LITERAL_NULL_CONVERSION = YES;
				CLANG_WARN_OBJC_IMPLICIT_RETAIN_SELF = YES;
				CLANG_WARN_OBJC_LITERAL_CONVERSION = YES;
				CLANG_WARN_OBJC_ROOT_CLASS = YES_ERROR;
				CLANG_WARN_RANGE_LOOP_ANALYSIS = YES;
				CLANG_WARN_STRICT_PROTOTYPES = YES;
				CLANG_WARN_SUSPICIOUS_MOVE = YES;
				CLANG_WARN_UNGUARDED_AVAILABILITY = YES_AGGRESSIVE;
				CLANG_WARN_UNREACHABLE_CODE = YES;
				CLANG_WARN__DUPLICATE_METHOD_MATCH = YES;
				COPY_PHASE_STRIP = NO;
				DEBUG_INFORMATION_FORMAT = dwarf;
				ENABLE_STRICT_OBJC_MSGSEND = YES;
				ENABLE_TESTABILITY = YES;
				GCC_C_LANGUAGE_STANDARD = gnu11;
				GCC_DYNAMIC_NO_PIC = NO;
				GCC_NO_COMMON_BLOCKS = YES;
				GCC_OPTIMIZATION_LEVEL = 0;
				GCC_PREPROCESSOR_DEFINITIONS = (
					"DEBUG=1",
					"$(inherited)",
				);
				GCC_WARN_64_TO_32_BIT_CONVERSION = YES;
				GCC_WARN_ABOUT_RETURN_TYPE = YES_ERROR;
				GCC_WARN_UNDECLARED_SELECTOR = YES;
				GCC_WARN_UNINITIALIZED_AUTOS = YES_AGGRESSIVE;
				GCC_WARN_UNUSED_FUNCTION = YES;
				GCC_WARN_UNUSED_VARIABLE = YES;
				IPHONEOS_DEPLOYMENT_TARGET = 13.0;
				MTL_ENABLE_DEBUG_INFO = INCLUDE_SOURCE;
				MTL_FAST_MATH = YES;
				ONLY_ACTIVE_ARCH = YES;
				SDKROOT = iphoneos;
				SWIFT_ACTIVE_COMPILATION_CONDITIONS = DEBUG;
				SWIFT_OPTIMIZATION_LEVEL = "-Onone";
			};
			name = Debug;
		};
		83EBBED5231059BC00315442 /* Release */ = {
			isa = XCBuildConfiguration;
			buildSettings = {
				ALWAYS_SEARCH_USER_PATHS = NO;
				CLANG_ANALYZER_NONNULL = YES;
				CLANG_ANALYZER_NUMBER_OBJECT_CONVERSION = YES_AGGRESSIVE;
				CLANG_CXX_LANGUAGE_STANDARD = "gnu++14";
				CLANG_CXX_LIBRARY = "libc++";
				CLANG_ENABLE_MODULES = YES;
				CLANG_ENABLE_OBJC_ARC = YES;
				CLANG_ENABLE_OBJC_WEAK = YES;
				CLANG_WARN_BLOCK_CAPTURE_AUTORELEASING = YES;
				CLANG_WARN_BOOL_CONVERSION = YES;
				CLANG_WARN_COMMA = YES;
				CLANG_WARN_CONSTANT_CONVERSION = YES;
				CLANG_WARN_DEPRECATED_OBJC_IMPLEMENTATIONS = YES;
				CLANG_WARN_DIRECT_OBJC_ISA_USAGE = YES_ERROR;
				CLANG_WARN_DOCUMENTATION_COMMENTS = YES;
				CLANG_WARN_EMPTY_BODY = YES;
				CLANG_WARN_ENUM_CONVERSION = YES;
				CLANG_WARN_INFINITE_RECURSION = YES;
				CLANG_WARN_INT_CONVERSION = YES;
				CLANG_WARN_NON_LITERAL_NULL_CONVERSION = YES;
				CLANG_WARN_OBJC_IMPLICIT_RETAIN_SELF = YES;
				CLANG_WARN_OBJC_LITERAL_CONVERSION = YES;
				CLANG_WARN_OBJC_ROOT_CLASS = YES_ERROR;
				CLANG_WARN_RANGE_LOOP_ANALYSIS = YES;
				CLANG_WARN_STRICT_PROTOTYPES = YES;
				CLANG_WARN_SUSPICIOUS_MOVE = YES;
				CLANG_WARN_UNGUARDED_AVAILABILITY = YES_AGGRESSIVE;
				CLANG_WARN_UNREACHABLE_CODE = YES;
				CLANG_WARN__DUPLICATE_METHOD_MATCH = YES;
				COPY_PHASE_STRIP = NO;
				DEBUG_INFORMATION_FORMAT = "dwarf-with-dsym";
				ENABLE_NS_ASSERTIONS = NO;
				ENABLE_STRICT_OBJC_MSGSEND = YES;
				GCC_C_LANGUAGE_STANDARD = gnu11;
				GCC_NO_COMMON_BLOCKS = YES;
				GCC_WARN_64_TO_32_BIT_CONVERSION = YES;
				GCC_WARN_ABOUT_RETURN_TYPE = YES_ERROR;
				GCC_WARN_UNDECLARED_SELECTOR = YES;
				GCC_WARN_UNINITIALIZED_AUTOS = YES_AGGRESSIVE;
				GCC_WARN_UNUSED_FUNCTION = YES;
				GCC_WARN_UNUSED_VARIABLE = YES;
				IPHONEOS_DEPLOYMENT_TARGET = 13.0;
				MTL_ENABLE_DEBUG_INFO = NO;
				MTL_FAST_MATH = YES;
				SDKROOT = iphoneos;
				SWIFT_COMPILATION_MODE = wholemodule;
				SWIFT_OPTIMIZATION_LEVEL = "-O";
				VALIDATE_PRODUCT = YES;
			};
			name = Release;
		};
		83EBBED7231059BC00315442 /* Debug */ = {
			isa = XCBuildConfiguration;
			baseConfigurationReference = 0D93464972E7EA7EB690BE4C /* Pods-crud-demo.debug.xcconfig */;
			buildSettings = {
				ASSETCATALOG_COMPILER_APPICON_NAME = AppIcon;
				CODE_SIGN_STYLE = Automatic;
				DEVELOPMENT_TEAM = RYRJQ978K4;
				INFOPLIST_FILE = "crud-demo/Info.plist";
				LD_RUNPATH_SEARCH_PATHS = (
					"$(inherited)",
					"@executable_path/Frameworks",
				);
				PRODUCT_BUNDLE_IDENTIFIER = "com.codewithchris.crud-demo";
				PRODUCT_NAME = "$(TARGET_NAME)";
				SWIFT_VERSION = 5.0;
				TARGETED_DEVICE_FAMILY = "1,2";
			};
			name = Debug;
		};
		83EBBED8231059BC00315442 /* Release */ = {
			isa = XCBuildConfiguration;
			baseConfigurationReference = 13D19D344B1AA8C43B3994BA /* Pods-crud-demo.release.xcconfig */;
			buildSettings = {
				ASSETCATALOG_COMPILER_APPICON_NAME = AppIcon;
				CODE_SIGN_STYLE = Automatic;
				DEVELOPMENT_TEAM = RYRJQ978K4;
				INFOPLIST_FILE = "crud-demo/Info.plist";
				LD_RUNPATH_SEARCH_PATHS = (
					"$(inherited)",
					"@executable_path/Frameworks",
				);
				PRODUCT_BUNDLE_IDENTIFIER = "com.codewithchris.crud-demo";
				PRODUCT_NAME = "$(TARGET_NAME)";
				SWIFT_VERSION = 5.0;
				TARGETED_DEVICE_FAMILY = "1,2";
			};
			name = Release;
		};
/* End XCBuildConfiguration section */

/* Begin XCConfigurationList section */
		83EBBEBD231059BA00315442 /* Build configuration list for PBXProject "crud-demo" */ = {
			isa = XCConfigurationList;
			buildConfigurations = (
				83EBBED4231059BC00315442 /* Debug */,
				83EBBED5231059BC00315442 /* Release */,
			);
			defaultConfigurationIsVisible = 0;
			defaultConfigurationName = Release;
		};
		83EBBED6231059BC00315442 /* Build configuration list for PBXNativeTarget "crud-demo" */ = {
			isa = XCConfigurationList;
			buildConfigurations = (
				83EBBED7231059BC00315442 /* Debug */,
				83EBBED8231059BC00315442 /* Release */,
			);
			defaultConfigurationIsVisible = 0;
			defaultConfigurationName = Release;
		};
/* End XCConfigurationList section */
	};
	rootObject = 83EBBEBA231059BA00315442 /* Project object */;
}
